Microsoft Visual Studio Solution File, Format Version 11.00
# Visual Studio 2008

Project("{217A9A5E-7F17-2DBC-6CEF-DF94D395A953}") = "super_cat", "Assembly-CSharp.csproj", "{8F5797F1-1DBF-B9BF-97D6-9B0074DD45F6}"
EndProject
Global
	GlobalSection(SolutionConfigurationPlatforms) = preSolution
		Debug|Any CPU = Debug|Any CPU
		Release|Any CPU = Release|Any CPU
	EndGlobalSection
	GlobalSection(ProjectConfigurationPlatforms) = postSolution
		{8F5797F1-1DBF-B9BF-97D6-9B0074DD45F6}.Debug|Any CPU.ActiveCfg = Debug|Any CPU
		{8F5797F1-1DBF-B9BF-97D6-9B0074DD45F6}.Debug|Any CPU.Build.0 = Debug|Any CPU
		{8F5797F1-1DBF-B9BF-97D6-9B0074DD45F6}.Release|Any CPU.ActiveCfg = Release|Any CPU
		{8F5797F1-1DBF-B9BF-97D6-9B0074DD45F6}.Release|Any CPU.Build.0 = Release|Any CPU
	EndGlobalSection
	GlobalSection(SolutionProperties) = preSolution
		HideSolutionNode = FALSE
	EndGlobalSection
																																																																																																					GlobalSection(MonoDevelopProperties) = preSolution
		StartupItem = Assembly-CSharp.csproj
		Policies = $0
		$0.TextStylePolicy = $1
		$1.inheritsSet = null
		$1.scope = text/x-csharp
		$0.CSharpFormattingPolicy = $2
		$2.inheritsSet = Mono
		$2.inheritsScope = text/x-csharp
		$2.scope = text/x-csharp
		$0.TextStylePolicy = $3
		$3.FileWidth = 120
		$3.TabWidth = 4
		$3.IndentWidth = 4
		$3.EolMarker = Unix
		$3.inheritsSet = Mono
		$3.inheritsScope = text/plain
		$3.scope = text/plain
	EndGlobalSection
EndGlobal
